PODS:
  - KZSideDrawerController (0.0.4)
  - PureLayout (3.0.1)

DEPENDENCIES:
  - KZSideDrawerController (from `../`)
  - PureLayout

EXTERNAL SOURCES:
  KZSideDrawerController:
    :path: "../"

SPEC CHECKSUMS:
  KZSideDrawerController: ca229b1da0f252f8706f887f2289f739f261ec60
  PureLayout: f35f5384c9c4e4479df041dbe33ad7577b71ddfb

COCOAPODS: 0.39.0
